
Microsoft Visual Studio Solution File, Format Version 12.00
# Visual Studio Version 17
VisualStudioVersion = 17.0.31903.59
MinimumVisualStudioVersion = 10.0.40219.1
Project("{FAE04EC0-301F-11D3-BF4B-00C04F79EFBC}") = "Api", "Api\Api.csproj", "{D957D30C-5D77-4E4A-A512-1C7ED60CCCA8}"
EndProject
Project("{FAE04EC0-301F-11D3-BF4B-00C04F79EFBC}") = "Application", "Application\Application.csproj", "{75CDDC7C-D46D-4996-A424-EB0FE7C1B35D}"
EndProject
Project("{FAE04EC0-301F-11D3-BF4B-00C04F79EFBC}") = "Test", "Test\Test.csproj", "{62822A3E-71D7-4C83-AC28-E79A51FB1C0B}"
EndProject
Global
	GlobalSection(SolutionConfigurationPlatforms) = preSolution
		Debug|Any CPU = Debug|Any CPU
		Debug|x64 = Debug|x64
		Debug|x86 = Debug|x86
		Release|Any CPU = Release|Any CPU
		Release|x64 = Release|x64
		Release|x86 = Release|x86
	EndGlobalSection
	GlobalSection(ProjectConfigurationPlatforms) = postSolution
		{D957D30C-5D77-4E4A-A512-1C7ED60CCCA8}.Debug|Any CPU.ActiveCfg = Debug|Any CPU
		{D957D30C-5D77-4E4A-A512-1C7ED60CCCA8}.Debug|Any CPU.Build.0 = Debug|Any CPU
		{D957D30C-5D77-4E4A-A512-1C7ED60CCCA8}.Debug|x64.ActiveCfg = Debug|Any CPU
		{D957D30C-5D77-4E4A-A512-1C7ED60CCCA8}.Debug|x64.Build.0 = Debug|Any CPU
		{D957D30C-5D77-4E4A-A512-1C7ED60CCCA8}.Debug|x86.ActiveCfg = Debug|Any CPU
		{D957D30C-5D77-4E4A-A512-1C7ED60CCCA8}.Debug|x86.Build.0 = Debug|Any CPU
		{D957D30C-5D77-4E4A-A512-1C7ED60CCCA8}.Release|Any CPU.ActiveCfg = Release|Any CPU
		{D957D30C-5D77-4E4A-A512-1C7ED60CCCA8}.Release|Any CPU.Build.0 = Release|Any CPU
		{D957D30C-5D77-4E4A-A512-1C7ED60CCCA8}.Release|x64.ActiveCfg = Release|Any CPU
		{D957D30C-5D77-4E4A-A512-1C7ED60CCCA8}.Release|x64.Build.0 = Release|Any CPU
		{D957D30C-5D77-4E4A-A512-1C7ED60CCCA8}.Release|x86.ActiveCfg = Release|Any CPU
		{D957D30C-5D77-4E4A-A512-1C7ED60CCCA8}.Release|x86.Build.0 = Release|Any CPU
		{75CDDC7C-D46D-4996-A424-EB0FE7C1B35D}.Debug|Any CPU.ActiveCfg = Debug|Any CPU
		{75CDDC7C-D46D-4996-A424-EB0FE7C1B35D}.Debug|Any CPU.Build.0 = Debug|Any CPU
		{75CDDC7C-D46D-4996-A424-EB0FE7C1B35D}.Debug|x64.ActiveCfg = Debug|Any CPU
		{75CDDC7C-D46D-4996-A424-EB0FE7C1B35D}.Debug|x64.Build.0 = Debug|Any CPU
		{75CDDC7C-D46D-4996-A424-EB0FE7C1B35D}.Debug|x86.ActiveCfg = Debug|Any CPU
		{75CDDC7C-D46D-4996-A424-EB0FE7C1B35D}.Debug|x86.Build.0 = Debug|Any CPU
		{75CDDC7C-D46D-4996-A424-EB0FE7C1B35D}.Release|Any CPU.ActiveCfg = Release|Any CPU
		{75CDDC7C-D46D-4996-A424-EB0FE7C1B35D}.Release|Any CPU.Build.0 = Release|Any CPU
		{75CDDC7C-D46D-4996-A424-EB0FE7C1B35D}.Release|x64.ActiveCfg = Release|Any CPU
		{75CDDC7C-D46D-4996-A424-EB0FE7C1B35D}.Release|x64.Build.0 = Release|Any CPU
		{75CDDC7C-D46D-4996-A424-EB0FE7C1B35D}.Release|x86.ActiveCfg = Release|Any CPU
		{75CDDC7C-D46D-4996-A424-EB0FE7C1B35D}.Release|x86.Build.0 = Release|Any CPU
		{62822A3E-71D7-4C83-AC28-E79A51FB1C0B}.Debug|Any CPU.ActiveCfg = Debug|Any CPU
		{62822A3E-71D7-4C83-AC28-E79A51FB1C0B}.Debug|Any CPU.Build.0 = Debug|Any CPU
		{62822A3E-71D7-4C83-AC28-E79A51FB1C0B}.Debug|x64.ActiveCfg = Debug|Any CPU
		{62822A3E-71D7-4C83-AC28-E79A51FB1C0B}.Debug|x64.Build.0 = Debug|Any CPU
		{62822A3E-71D7-4C83-AC28-E79A51FB1C0B}.Debug|x86.ActiveCfg = Debug|Any CPU
		{62822A3E-71D7-4C83-AC28-E79A51FB1C0B}.Debug|x86.Build.0 = Debug|Any CPU
		{62822A3E-71D7-4C83-AC28-E79A51FB1C0B}.Release|Any CPU.ActiveCfg = Release|Any CPU
		{62822A3E-71D7-4C83-AC28-E79A51FB1C0B}.Release|Any CPU.Build.0 = Release|Any CPU
		{62822A3E-71D7-4C83-AC28-E79A51FB1C0B}.Release|x64.ActiveCfg = Release|Any CPU
		{62822A3E-71D7-4C83-AC28-E79A51FB1C0B}.Release|x64.Build.0 = Release|Any CPU
		{62822A3E-71D7-4C83-AC28-E79A51FB1C0B}.Release|x86.ActiveCfg = Release|Any CPU
		{62822A3E-71D7-4C83-AC28-E79A51FB1C0B}.Release|x86.Build.0 = Release|Any CPU
	EndGlobalSection
	GlobalSection(SolutionProperties) = preSolution
		HideSolutionNode = FALSE
	EndGlobalSection
EndGlobal
